// !$*UTF8*$!
{
	archiveVersion = 1;
	classes = {
	};
	objectVersion = 50;
	objects = {

/* Begin PBXBuildFile section */
		93353C3B254CC3F20046BEF4 /* AttestationKind.swift in Sources */ = {isa = PBXBuildFile; fileRef = 93353C3A254CC3F20046BEF4 /* AttestationKind.swift */; };
		93353C4B254CDC920046BEF4 /* PersonalData.swift in Sources */ = {isa = PBXBuildFile; fileRef = 93353C4A254CDC920046BEF4 /* PersonalData.swift */; };
		93F5ACF8254B75F800AF5E61 /* AttestationApp.swift in Sources */ = {isa = PBXBuildFile; fileRef = 93F5ACF7254B75F800AF5E61 /* AttestationApp.swift */; };
		93F5ACFA254B75F800AF5E61 /* ListView.swift in Sources */ = {isa = PBXBuildFile; fileRef = 93F5ACF9254B75F800AF5E61 /* ListView.swift */; };
		93F5ACFC254B75F900AF5E61 /* Assets.xcassets in Resources */ = {isa = PBXBuildFile; fileRef = 93F5ACFB254B75F900AF5E61 /* Assets.xcassets */; };
		93F5ACFF254B75F900AF5E61 /* Preview Assets.xcassets in Resources */ = {isa = PBXBuildFile; fileRef = 93F5ACFE254B75F900AF5E61 /* Preview Assets.xcassets */; };
		93F5AD01254B75F900AF5E61 /* Persistence.swift in Sources */ = {isa = PBXBuildFile; fileRef = 93F5AD00254B75F900AF5E61 /* Persistence.swift */; };
		93F5AD04254B75F900AF5E61 /* Attestation.xcdatamodeld in Sources */ = {isa = PBXBuildFile; fileRef = 93F5AD02254B75F900AF5E61 /* Attestation.xcdatamodeld */; };
		93F5AD0F254B75F900AF5E61 /* AttestationTests.swift in Sources */ = {isa = PBXBuildFile; fileRef = 93F5AD0E254B75F900AF5E61 /* AttestationTests.swift */; };
		93F5AD1A254B75FA00AF5E61 /* AttestationUITests.swift in Sources */ = {isa = PBXBuildFile; fileRef = 93F5AD19254B75FA00AF5E61 /* AttestationUITests.swift */; };
		93F5AD2E254B7E8A00AF5E61 /* CreateAttestationView.swift in Sources */ = {isa = PBXBuildFile; fileRef = 93F5AD2D254B7E8A00AF5E61 /* CreateAttestationView.swift */; };
		93F5AD36254B95C400AF5E61 /* AttestationFormData.swift in Sources */ = {isa = PBXBuildFile; fileRef = 93F5AD35254B95C400AF5E61 /* AttestationFormData.swift */; };
		93F5AD3B254BA15700AF5E61 /* AttestationView.swift in Sources */ = {isa = PBXBuildFile; fileRef = 93F5AD3A254BA15700AF5E61 /* AttestationView.swift */; };
		93F5AD4F254BAA4E00AF5E61 /* Attestation+QRCode.swift in Sources */ = {isa = PBXBuildFile; fileRef = 93F5AD4E254BAA4E00AF5E61 /* Attestation+QRCode.swift */; };
/* End PBXBuildFile section */

/* Begin PBXContainerItemProxy section */
		93F5AD0B254B75F900AF5E61 /* PBXContainerItemProxy */ = {
			isa = PBXContainerItemProxy;
			containerPortal = 93F5ACEC254B75F800AF5E61 /* Project object */;
			proxyType = 1;
			remoteGlobalIDString = 93F5ACF3254B75F800AF5E61;
			remoteInfo = Attestation;
		};
		93F5AD16254B75FA00AF5E61 /* PBXContainerItemProxy */ = {
			isa = PBXContainerItemProxy;
			containerPortal = 93F5ACEC254B75F800AF5E61 /* Project object */;
			proxyType = 1;
			remoteGlobalIDString = 93F5ACF3254B75F800AF5E61;
			remoteInfo = Attestation;
		};
/* End PBXContainerItemProxy section */

/* Begin PBXFileReference section */
		93353C3A254CC3F20046BEF4 /* AttestationKind.swift */ = {isa = PBXFileReference; lastKnownFileType = sourcecode.swift; path = AttestationKind.swift; sourceTree = "<group>"; };
		93353C4A254CDC920046BEF4 /* PersonalData.swift */ = {isa = PBXFileReference; lastKnownFileType = sourcecode.swift; path = PersonalData.swift; sourceTree = "<group>"; };
		93F5ACF4254B75F800AF5E61 /* Attestation.app */ = {isa = PBXFileReference; explicitFileType = wrapper.application; includeInIndex = 0; path = Attestation.app; sourceTree = BUILT_PRODUCTS_DIR; };
		93F5ACF7254B75F800AF5E61 /* AttestationApp.swift */ = {isa = PBXFileReference; lastKnownFileType = sourcecode.swift; path = AttestationApp.swift; sourceTree = "<group>"; };
		93F5ACF9254B75F800AF5E61 /* ListView.swift */ = {isa = PBXFileReference; lastKnownFileType = sourcecode.swift; path = ListView.swift; sourceTree = "<group>"; };
		93F5ACFB254B75F900AF5E61 /* Assets.xcassets */ = {isa = PBXFileReference; lastKnownFileType = folder.assetcatalog; path = Assets.xcassets; sourceTree = "<group>"; };
		93F5ACFE254B75F900AF5E61 /* Preview Assets.xcassets */ = {isa = PBXFileReference; lastKnownFileType = folder.assetcatalog; path = "Preview Assets.xcassets"; sourceTree = "<group>"; };
		93F5AD00254B75F900AF5E61 /* Persistence.swift */ = {isa = PBXFileReference; lastKnownFileType = sourcecode.swift; path = Persistence.swift; sourceTree = "<group>"; };
		93F5AD03254B75F900AF5E61 /* Attestation.xcdatamodel */ = {isa = PBXFileReference; lastKnownFileType = wrapper.xcdatamodel; path = Attestation.xcdatamodel; sourceTree = "<group>"; };
		93F5AD05254B75F900AF5E61 /* Info.plist */ = {isa = PBXFileReference; lastKnownFileType = text.plist.xml; path = Info.plist; sourceTree = "<group>"; };
		93F5AD0A254B75F900AF5E61 /* AttestationTests.xctest */ = {isa = PBXFileReference; explicitFileType = wrapper.cfbundle; includeInIndex = 0; path = AttestationTests.xctest; sourceTree = BUILT_PRODUCTS_DIR; };
		93F5AD0E254B75F900AF5E61 /* AttestationTests.swift */ = {isa = PBXFileReference; lastKnownFileType = sourcecode.swift; path = AttestationTests.swift; sourceTree = "<group>"; };
		93F5AD10254B75F900AF5E61 /* Info.plist */ = {isa = PBXFileReference; lastKnownFileType = text.plist.xml; path = Info.plist; sourceTree = "<group>"; };
		93F5AD15254B75FA00AF5E61 /* AttestationUITests.xctest */ = {isa = PBXFileReference; explicitFileType = wrapper.cfbundle; includeInIndex = 0; path = AttestationUITests.xctest; sourceTree = BUILT_PRODUCTS_DIR; };
		93F5AD19254B75FA00AF5E61 /* AttestationUITests.swift */ = {isa = PBXFileReference; lastKnownFileType = sourcecode.swift; path = AttestationUITests.swift; sourceTree = "<group>"; };
		93F5AD1B254B75FA00AF5E61 /* Info.plist */ = {isa = PBXFileReference; lastKnownFileType = text.plist.xml; path = Info.plist; sourceTree = "<group>"; };
		93F5AD2D254B7E8A00AF5E61 /* CreateAttestationView.swift */ = {isa = PBXFileReference; lastKnownFileType = sourcecode.swift; path = CreateAttestationView.swift; sourceTree = "<group>"; };
		93F5AD35254B95C400AF5E61 /* AttestationFormData.swift */ = {isa = PBXFileReference; lastKnownFileType = sourcecode.swift; path = AttestationFormData.swift; sourceTree = "<group>"; };
		93F5AD3A254BA15700AF5E61 /* AttestationView.swift */ = {isa = PBXFileReference; lastKnownFileType = sourcecode.swift; path = AttestationView.swift; sourceTree = "<group>"; };
		93F5AD4E254BAA4E00AF5E61 /* Attestation+QRCode.swift */ = {isa = PBXFileReference; lastKnownFileType = sourcecode.swift; path = "Attestation+QRCode.swift"; sourceTree = "<group>"; };
/* End PBXFileReference section */

/* Begin PBXFrameworksBuildPhase section */
		93F5ACF1254B75F800AF5E61 /* Frameworks */ = {
			isa = PBXFrameworksBuildPhase;
			buildActionMask = 2147483647;
			files = (
			);
			runOnlyForDeploymentPostprocessing = 0;
		};
		93F5AD07254B75F900AF5E61 /* Frameworks */ = {
			isa = PBXFrameworksBuildPhase;
			buildActionMask = 2147483647;
			files = (
			);
			runOnlyForDeploymentPostprocessing = 0;
		};
		93F5AD12254B75FA00AF5E61 /* Frameworks */ = {
			isa = PBXFrameworksBuildPhase;
			buildActionMask = 2147483647;
			files = (
			);
			runOnlyForDeploymentPostprocessing = 0;
		};
/* End PBXFrameworksBuildPhase section */

/* Begin PBXGroup section */
		93F5ACEB254B75F800AF5E61 = {
			isa = PBXGroup;
			children = (
				93F5ACF6254B75F800AF5E61 /* Attestation */,
				93F5AD0D254B75F900AF5E61 /* AttestationTests */,
				93F5AD18254B75FA00AF5E61 /* AttestationUITests */,
				93F5ACF5254B75F800AF5E61 /* Products */,
			);
			sourceTree = "<group>";
		};
		93F5ACF5254B75F800AF5E61 /* Products */ = {
			isa = PBXGroup;
			children = (
				93F5ACF4254B75F800AF5E61 /* Attestation.app */,
				93F5AD0A254B75F900AF5E61 /* AttestationTests.xctest */,
				93F5AD15254B75FA00AF5E61 /* AttestationUITests.xctest */,
			);
			name = Products;
			sourceTree = "<group>";
		};
		93F5ACF6254B75F800AF5E61 /* Attestation */ = {
			isa = PBXGroup;
			children = (
				93F5ACF7254B75F800AF5E61 /* AttestationApp.swift */,
				93F5ACF9254B75F800AF5E61 /* ListView.swift */,
				93F5AD2D254B7E8A00AF5E61 /* CreateAttestationView.swift */,
				93F5AD35254B95C400AF5E61 /* AttestationFormData.swift */,
				93353C4A254CDC920046BEF4 /* PersonalData.swift */,
				93F5AD3A254BA15700AF5E61 /* AttestationView.swift */,
				93F5AD4E254BAA4E00AF5E61 /* Attestation+QRCode.swift */,
				93353C3A254CC3F20046BEF4 /* AttestationKind.swift */,
				93F5ACFB254B75F900AF5E61 /* Assets.xcassets */,
				93F5AD00254B75F900AF5E61 /* Persistence.swift */,
				93F5AD05254B75F900AF5E61 /* Info.plist */,
				93F5AD02254B75F900AF5E61 /* Attestation.xcdatamodeld */,
				93F5ACFD254B75F900AF5E61 /* Preview Content */,
			);
			path = Attestation;
			sourceTree = "<group>";
		};
		93F5ACFD254B75F900AF5E61 /* Preview Content */ = {
			isa = PBXGroup;
			children = (
				93F5ACFE254B75F900AF5E61 /* Preview Assets.xcassets */,
			);
			path = "Preview Content";
			sourceTree = "<group>";
		};
		93F5AD0D254B75F900AF5E61 /* AttestationTests */ = {
			isa = PBXGroup;
			children = (
				93F5AD0E254B75F900AF5E61 /* AttestationTests.swift */,
				93F5AD10254B75F900AF5E61 /* Info.plist */,
			);
			path = AttestationTests;
			sourceTree = "<group>";
		};
		93F5AD18254B75FA00AF5E61 /* AttestationUITests */ = {
			isa = PBXGroup;
			children = (
				93F5AD19254B75FA00AF5E61 /* AttestationUITests.swift */,
				93F5AD1B254B75FA00AF5E61 /* Info.plist */,
			);
			path = AttestationUITests;
			sourceTree = "<group>";
		};
/* End PBXGroup section */

/* Begin PBXNativeTarget section */
		93F5ACF3254B75F800AF5E61 /* Attestation */ = {
			isa = PBXNativeTarget;
			buildConfigurationList = 93F5AD1E254B75FA00AF5E61 /* Build configuration list for PBXNativeTarget "Attestation" */;
			buildPhases = (
				93F5ACF0254B75F800AF5E61 /* Sources */,
				93F5ACF1254B75F800AF5E61 /* Frameworks */,
				93F5ACF2254B75F800AF5E61 /* Resources */,
			);
			buildRules = (
			);
			dependencies = (
			);
			name = Attestation;
			productName = Attestation;
			productReference = 93F5ACF4254B75F800AF5E61 /* Attestation.app */;
			productType = "com.apple.product-type.application";
		};
		93F5AD09254B75F900AF5E61 /* AttestationTests */ = {
			isa = PBXNativeTarget;
			buildConfigurationList = 93F5AD21254B75FA00AF5E61 /* Build configuration list for PBXNativeTarget "AttestationTests" */;
			buildPhases = (
				93F5AD06254B75F900AF5E61 /* Sources */,
				93F5AD07254B75F900AF5E61 /* Frameworks */,
				93F5AD08254B75F900AF5E61 /* Resources */,
			);
			buildRules = (
			);
			dependencies = (
				93F5AD0C254B75F900AF5E61 /* PBXTargetDependency */,
			);
			name = AttestationTests;
			productName = AttestationTests;
			productReference = 93F5AD0A254B75F900AF5E61 /* AttestationTests.xctest */;
			productType = "com.apple.product-type.bundle.unit-test";
		};
		93F5AD14254B75FA00AF5E61 /* AttestationUITests */ = {
			isa = PBXNativeTarget;
			buildConfigurationList = 93F5AD24254B75FA00AF5E61 /* Build configuration list for PBXNativeTarget "AttestationUITests" */;
			buildPhases = (
				93F5AD11254B75FA00AF5E61 /* Sources */,
				93F5AD12254B75FA00AF5E61 /* Frameworks */,
				93F5AD13254B75FA00AF5E61 /* Resources */,
			);
			buildRules = (
			);
			dependencies = (
				93F5AD17254B75FA00AF5E61 /* PBXTargetDependency */,
			);
			name = AttestationUITests;
			productName = AttestationUITests;
			productReference = 93F5AD15254B75FA00AF5E61 /* AttestationUITests.xctest */;
			productType = "com.apple.product-type.bundle.ui-testing";
		};
/* End PBXNativeTarget section */

/* Begin PBXProject section */
		93F5ACEC254B75F800AF5E61 /* Project object */ = {
			isa = PBXProject;
			attributes = {
				LastSwiftUpdateCheck = 1200;
				LastUpgradeCheck = 1200;
				TargetAttributes = {
					93F5ACF3254B75F800AF5E61 = {
						CreatedOnToolsVersion = 12.0.1;
					};
					93F5AD09254B75F900AF5E61 = {
						CreatedOnToolsVersion = 12.0.1;
						TestTargetID = 93F5ACF3254B75F800AF5E61;
					};
					93F5AD14254B75FA00AF5E61 = {
						CreatedOnToolsVersion = 12.0.1;
						TestTargetID = 93F5ACF3254B75F800AF5E61;
					};
				};
			};
			buildConfigurationList = 93F5ACEF254B75F800AF5E61 /* Build configuration list for PBXProject "Attestation" */;
			compatibilityVersion = "Xcode 9.3";
			developmentRegion = en;
			hasScannedForEncodings = 0;
			knownRegions = (
				en,
				Base,
			);
			mainGroup = 93F5ACEB254B75F800AF5E61;
			productRefGroup = 93F5ACF5254B75F800AF5E61 /* Products */;
			projectDirPath = "";
			projectRoot = "";
			targets = (
				93F5ACF3254B75F800AF5E61 /* Attestation */,
				93F5AD09254B75F900AF5E61 /* AttestationTests */,
				93F5AD14254B75FA00AF5E61 /* AttestationUITests */,
			);
		};
/* End PBXProject section */

/* Begin PBXResourcesBuildPhase section */
		93F5ACF2254B75F800AF5E61 /* Resources */ = {
			isa = PBXResourcesBuildPhase;
			buildActionMask = 2147483647;
			files = (
				93F5ACFF254B75F900AF5E61 /* Preview Assets.xcassets in Resources */,
				93F5ACFC254B75F900AF5E61 /* Assets.xcassets in Resources */,
			);
			runOnlyForDeploymentPostprocessing = 0;
		};
		93F5AD08254B75F900AF5E61 /* Resources */ = {
			isa = PBXResourcesBuildPhase;
			buildActionMask = 2147483647;
			files = (
			);
			runOnlyForDeploymentPostprocessing = 0;
		};
		93F5AD13254B75FA00AF5E61 /* Resources */ = {
			isa = PBXResourcesBuildPhase;
			buildActionMask = 2147483647;
			files = (
			);
			runOnlyForDeploymentPostprocessing = 0;
		};
/* End PBXResourcesBuildPhase section */

/* Begin PBXSourcesBuildPhase section */
		93F5ACF0254B75F800AF5E61 /* Sources */ = {
			isa = PBXSourcesBuildPhase;
			buildActionMask = 2147483647;
			files = (
				93353C3B254CC3F20046BEF4 /* AttestationKind.swift in Sources */,
				93F5AD36254B95C400AF5E61 /* AttestationFormData.swift in Sources */,
				93F5AD3B254BA15700AF5E61 /* AttestationView.swift in Sources */,
				93F5AD04254B75F900AF5E61 /* Attestation.xcdatamodeld in Sources */,
				93353C4B254CDC920046BEF4 /* PersonalData.swift in Sources */,
				93F5AD01254B75F900AF5E61 /* Persistence.swift in Sources */,
				93F5AD4F254BAA4E00AF5E61 /* Attestation+QRCode.swift in Sources */,
				93F5ACFA254B75F800AF5E61 /* ListView.swift in Sources */,
				93F5ACF8254B75F800AF5E61 /* AttestationApp.swift in Sources */,
				93F5AD2E254B7E8A00AF5E61 /* CreateAttestationView.swift in Sources */,
			);
			runOnlyForDeploymentPostprocessing = 0;
		};
		93F5AD06254B75F900AF5E61 /* Sources */ = {
			isa = PBXSourcesBuildPhase;
			buildActionMask = 2147483647;
			files = (
				93F5AD0F254B75F900AF5E61 /* AttestationTests.swift in Sources */,
			);
			runOnlyForDeploymentPostprocessing = 0;
		};
		93F5AD11254B75FA00AF5E61 /* Sources */ = {
			isa = PBXSourcesBuildPhase;
			buildActionMask = 2147483647;
			files = (
				93F5AD1A254B75FA00AF5E61 /* AttestationUITests.swift in Sources */,
			);
			runOnlyForDeploymentPostprocessing = 0;
		};
/* End PBXSourcesBuildPhase section */

/* Begin PBXTargetDependency section */
		93F5AD0C254B75F900AF5E61 /* PBXTargetDependency */ = {
			isa = PBXTargetDependency;
			target = 93F5ACF3254B75F800AF5E61 /* Attestation */;
			targetProxy = 93F5AD0B254B75F900AF5E61 /* PBXContainerItemProxy */;
		};
		93F5AD17254B75FA00AF5E61 /* PBXTargetDependency */ = {
			isa = PBXTargetDependency;
			target = 93F5ACF3254B75F800AF5E61 /* Attestation */;
			targetProxy = 93F5AD16254B75FA00AF5E61 /* PBXContainerItemProxy */;
		};
/* End PBXTargetDependency section */

/* Begin XCBuildConfiguration section */
		93F5AD1C254B75FA00AF5E61 /* Debug */ = {
			isa = XCBuildConfiguration;
			buildSettings = {
				ALWAYS_SEARCH_USER_PATHS = NO;
				CLANG_ANALYZER_NONNULL = YES;
				CLANG_ANALYZER_NUMBER_OBJECT_CONVERSION = YES_AGGRESSIVE;
				CLANG_CXX_LANGUAGE_STANDARD = "gnu++14";
				CLANG_CXX_LIBRARY = "libc++";
				CLANG_ENABLE_MODULES = YES;
				CLANG_ENABLE_OBJC_ARC = YES;
				CLANG_ENABLE_OBJC_WEAK = YES;
				CLANG_WARN_BLOCK_CAPTURE_AUTORELEASING = YES;
				CLANG_WARN_BOOL_CONVERSION = YES;
				CLANG_WARN_COMMA = YES;
				CLANG_WARN_CONSTANT_CONVERSION = YES;
				CLANG_WARN_DEPRECATED_OBJC_IMPLEMENTATIONS = YES;
				CLANG_WARN_DIRECT_OBJC_ISA_USAGE = YES_ERROR;
				CLANG_WARN_DOCUMENTATION_COMMENTS = YES;
				CLANG_WARN_EMPTY_BODY = YES;
				CLANG_WARN_ENUM_CONVERSION = YES;
				CLANG_WARN_INFINITE_RECURSION = YES;
				CLANG_WARN_INT_CONVERSION = YES;
				CLANG_WARN_NON_LITERAL_NULL_CONVERSION = YES;
				CLANG_WARN_OBJC_IMPLICIT_RETAIN_SELF = YES;
				CLANG_WARN_OBJC_LITERAL_CONVERSION = YES;
				CLANG_WARN_OBJC_ROOT_CLASS = YES_ERROR;
				CLANG_WARN_QUOTED_INCLUDE_IN_FRAMEWORK_HEADER = YES;
				CLANG_WARN_RANGE_LOOP_ANALYSIS = YES;
				CLANG_WARN_STRICT_PROTOTYPES = YES;
				CLANG_WARN_SUSPICIOUS_MOVE = YES;
				CLANG_WARN_UNGUARDED_AVAILABILITY = YES_AGGRESSIVE;
				CLANG_WARN_UNREACHABLE_CODE = YES;
				CLANG_WARN__DUPLICATE_METHOD_MATCH = YES;
				COPY_PHASE_STRIP = NO;
				DEBUG_INFORMATION_FORMAT = dwarf;
				ENABLE_STRICT_OBJC_MSGSEND = YES;
				ENABLE_TESTABILITY = YES;
				GCC_C_LANGUAGE_STANDARD = gnu11;
				GCC_DYNAMIC_NO_PIC = NO;
				GCC_NO_COMMON_BLOCKS = YES;
				GCC_OPTIMIZATION_LEVEL = 0;
				GCC_PREPROCESSOR_DEFINITIONS = (
					"DEBUG=1",
					"$(inherited)",
				);
				GCC_WARN_64_TO_32_BIT_CONVERSION = YES;
				GCC_WARN_ABOUT_RETURN_TYPE = YES_ERROR;
				GCC_WARN_UNDECLARED_SELECTOR = YES;
				GCC_WARN_UNINITIALIZED_AUTOS = YES_AGGRESSIVE;
				GCC_WARN_UNUSED_FUNCTION = YES;
				GCC_WARN_UNUSED_VARIABLE = YES;
				IPHONEOS_DEPLOYMENT_TARGET = 14.0;
				MTL_ENABLE_DEBUG_INFO = INCLUDE_SOURCE;
				MTL_FAST_MATH = YES;
				ONLY_ACTIVE_ARCH = YES;
				SDKROOT = iphoneos;
				SWIFT_ACTIVE_COMPILATION_CONDITIONS = DEBUG;
				SWIFT_OPTIMIZATION_LEVEL = "-Onone";
			};
			name = Debug;
		};
		93F5AD1D254B75FA00AF5E61 /* Release */ = {
			isa = XCBuildConfiguration;
			buildSettings = {
				ALWAYS_SEARCH_USER_PATHS = NO;
				CLANG_ANALYZER_NONNULL = YES;
				CLANG_ANALYZER_NUMBER_OBJECT_CONVERSION = YES_AGGRESSIVE;
				CLANG_CXX_LANGUAGE_STANDARD = "gnu++14";
				CLANG_CXX_LIBRARY = "libc++";
				CLANG_ENABLE_MODULES = YES;
				CLANG_ENABLE_OBJC_ARC = YES;
				CLANG_ENABLE_OBJC_WEAK = YES;
				CLANG_WARN_BLOCK_CAPTURE_AUTORELEASING = YES;
				CLANG_WARN_BOOL_CONVERSION = YES;
				CLANG_WARN_COMMA = YES;
				CLANG_WARN_CONSTANT_CONVERSION = YES;
				CLANG_WARN_DEPRECATED_OBJC_IMPLEMENTATIONS = YES;
				CLANG_WARN_DIRECT_OBJC_ISA_USAGE = YES_ERROR;
				CLANG_WARN_DOCUMENTATION_COMMENTS = YES;
				CLANG_WARN_EMPTY_BODY = YES;
				CLANG_WARN_ENUM_CONVERSION = YES;
				CLANG_WARN_INFINITE_RECURSION = YES;
				CLANG_WARN_INT_CONVERSION = YES;
				CLANG_WARN_NON_LITERAL_NULL_CONVERSION = YES;
				CLANG_WARN_OBJC_IMPLICIT_RETAIN_SELF = YES;
				CLANG_WARN_OBJC_LITERAL_CONVERSION = YES;
				CLANG_WARN_OBJC_ROOT_CLASS = YES_ERROR;
				CLANG_WARN_QUOTED_INCLUDE_IN_FRAMEWORK_HEADER = YES;
				CLANG_WARN_RANGE_LOOP_ANALYSIS = YES;
				CLANG_WARN_STRICT_PROTOTYPES = YES;
				CLANG_WARN_SUSPICIOUS_MOVE = YES;
				CLANG_WARN_UNGUARDED_AVAILABILITY = YES_AGGRESSIVE;
				CLANG_WARN_UNREACHABLE_CODE = YES;
				CLANG_WARN__DUPLICATE_METHOD_MATCH = YES;
				COPY_PHASE_STRIP = NO;
				DEBUG_INFORMATION_FORMAT = "dwarf-with-dsym";
				ENABLE_NS_ASSERTIONS = NO;
				ENABLE_STRICT_OBJC_MSGSEND = YES;
				GCC_C_LANGUAGE_STANDARD = gnu11;
				GCC_NO_COMMON_BLOCKS = YES;
				GCC_WARN_64_TO_32_BIT_CONVERSION = YES;
				GCC_WARN_ABOUT_RETURN_TYPE = YES_ERROR;
				GCC_WARN_UNDECLARED_SELECTOR = YES;
				GCC_WARN_UNINITIALIZED_AUTOS = YES_AGGRESSIVE;
				GCC_WARN_UNUSED_FUNCTION = YES;
				GCC_WARN_UNUSED_VARIABLE = YES;
				IPHONEOS_DEPLOYMENT_TARGET = 14.0;
				MTL_ENABLE_DEBUG_INFO = NO;
				MTL_FAST_MATH = YES;
				SDKROOT = iphoneos;
				SWIFT_COMPILATION_MODE = wholemodule;
				SWIFT_OPTIMIZATION_LEVEL = "-O";
				VALIDATE_PRODUCT = YES;
			};
			name = Release;
		};
		93F5AD1F254B75FA00AF5E61 /* Debug */ = {
			isa = XCBuildConfiguration;
			buildSettings = {
				ASSETCATALOG_COMPILER_APPICON_NAME = AppIcon;
				ASSETCATALOG_COMPILER_GLOBAL_ACCENT_COLOR_NAME = AccentColor;
				CODE_SIGN_STYLE = Automatic;
				CURRENT_PROJECT_VERSION = 3;
				DEVELOPMENT_ASSET_PATHS = "\"Attestation/Preview Content\"";
				DEVELOPMENT_TEAM = E873B24XVN;
				ENABLE_PREVIEWS = YES;
				INFOPLIST_FILE = Attestation/Info.plist;
				IPHONEOS_DEPLOYMENT_TARGET = 14.0;
				LD_RUNPATH_SEARCH_PATHS = (
					"$(inherited)",
					"@executable_path/Frameworks",
				);
				MARKETING_VERSION = 1.0.0;
				PRODUCT_BUNDLE_IDENTIFIER = fr.adhumi.attestations;
				PRODUCT_NAME = "$(TARGET_NAME)";
				SWIFT_VERSION = 5.0;
				TARGETED_DEVICE_FAMILY = "1,2";
			};
			name = Debug;
		};
		93F5AD20254B75FA00AF5E61 /* Release */ = {
			isa = XCBuildConfiguration;
			buildSettings = {
				ASSETCATALOG_COMPILER_APPICON_NAME = AppIcon;
				ASSETCATALOG_COMPILER_GLOBAL_ACCENT_COLOR_NAME = AccentColor;
				CODE_SIGN_STYLE = Automatic;
				CURRENT_PROJECT_VERSION = 3;
				DEVELOPMENT_ASSET_PATHS = "\"Attestation/Preview Content\"";
				DEVELOPMENT_TEAM = E873B24XVN;
				ENABLE_PREVIEWS = YES;
				INFOPLIST_FILE = Attestation/Info.plist;
				IPHONEOS_DEPLOYMENT_TARGET = 14.0;
				LD_RUNPATH_SEARCH_PATHS = (
					"$(inherited)",
					"@executable_path/Frameworks",
				);
				MARKETING_VERSION = 1.0.0;
				PRODUCT_BUNDLE_IDENTIFIER = fr.adhumi.attestations;
				PRODUCT_NAME = "$(TARGET_NAME)";
				SWIFT_VERSION = 5.0;
				TARGETED_DEVICE_FAMILY = "1,2";
			};
			name = Release;
		};
		93F5AD22254B75FA00AF5E61 /* Debug */ = {
			isa = XCBuildConfiguration;
			buildSettings = {
				ALWAYS_EMBED_SWIFT_STANDARD_LIBRARIES = YES;
				BUNDLE_LOADER = "$(TEST_HOST)";
				CODE_SIGN_STYLE = Automatic;
				DEVELOPMENT_TEAM = E873B24XVN;
				INFOPLIST_FILE = AttestationTests/Info.plist;
				IPHONEOS_DEPLOYMENT_TARGET = 14.0;
				LD_RUNPATH_SEARCH_PATHS = (
					"$(inherited)",
					"@executable_path/Frameworks",
					"@loader_path/Frameworks",
				);
				PRODUCT_BUNDLE_IDENTIFIER = fr.adhumi.AttestationTests;
				PRODUCT_NAME = "$(TARGET_NAME)";
				SWIFT_VERSION = 5.0;
				TARGETED_DEVICE_FAMILY = "1,2";
				TEST_HOST = "$(BUILT_PRODUCTS_DIR)/Attestation.app/Attestation";
			};
			name = Debug;
		};
		93F5AD23254B75FA00AF5E61 /* Release */ = {
			isa = XCBuildConfiguration;
			buildSettings = {
				ALWAYS_EMBED_SWIFT_STANDARD_LIBRARIES = YES;
				BUNDLE_LOADER = "$(TEST_HOST)";
				CODE_SIGN_STYLE = Automatic;
				DEVELOPMENT_TEAM = E873B24XVN;
				INFOPLIST_FILE = AttestationTests/Info.plist;
				IPHONEOS_DEPLOYMENT_TARGET = 14.0;
				LD_RUNPATH_SEARCH_PATHS = (
					"$(inherited)",
					"@executable_path/Frameworks",
					"@loader_path/Frameworks",
				);
				PRODUCT_BUNDLE_IDENTIFIER = fr.adhumi.AttestationTests;
				PRODUCT_NAME = "$(TARGET_NAME)";
				SWIFT_VERSION = 5.0;
				TARGETED_DEVICE_FAMILY = "1,2";
				TEST_HOST = "$(BUILT_PRODUCTS_DIR)/Attestation.app/Attestation";
			};
			name = Release;
		};
		93F5AD25254B75FA00AF5E61 /* Debug */ = {
			isa = XCBuildConfiguration;
			buildSettings = {
				ALWAYS_EMBED_SWIFT_STANDARD_LIBRARIES = YES;
				CODE_SIGN_STYLE = Automatic;
				DEVELOPMENT_TEAM = E873B24XVN;
				INFOPLIST_FILE = AttestationUITests/Info.plist;
				LD_RUNPATH_SEARCH_PATHS = (
					"$(inherited)",
					"@executable_path/Frameworks",
					"@loader_path/Frameworks",
				);
				PRODUCT_BUNDLE_IDENTIFIER = fr.adhumi.AttestationUITests;
				PRODUCT_NAME = "$(TARGET_NAME)";
				SWIFT_VERSION = 5.0;
				TARGETED_DEVICE_FAMILY = "1,2";
				TEST_TARGET_NAME = Attestation;
			};
			name = Debug;
		};
		93F5AD26254B75FA00AF5E61 /* Release */ = {
			isa = XCBuildConfiguration;
			buildSettings = {
				ALWAYS_EMBED_SWIFT_STANDARD_LIBRARIES = YES;
				CODE_SIGN_STYLE = Automatic;
				DEVELOPMENT_TEAM = E873B24XVN;
				INFOPLIST_FILE = AttestationUITests/Info.plist;
				LD_RUNPATH_SEARCH_PATHS = (
					"$(inherited)",
					"@executable_path/Frameworks",
					"@loader_path/Frameworks",
				);
				PRODUCT_BUNDLE_IDENTIFIER = fr.adhumi.AttestationUITests;
				PRODUCT_NAME = "$(TARGET_NAME)";
				SWIFT_VERSION = 5.0;
				TARGETED_DEVICE_FAMILY = "1,2";
				TEST_TARGET_NAME = Attestation;
			};
			name = Release;
		};
/* End XCBuildConfiguration section */

/* Begin XCConfigurationList section */
		93F5ACEF254B75F800AF5E61 /* Build configuration list for PBXProject "Attestation" */ = {
			isa = XCConfigurationList;
			buildConfigurations = (
				93F5AD1C254B75FA00AF5E61 /* Debug */,
				93F5AD1D254B75FA00AF5E61 /* Release */,
			);
			defaultConfigurationIsVisible = 0;
			defaultConfigurationName = Release;
		};
		93F5AD1E254B75FA00AF5E61 /* Build configuration list for PBXNativeTarget "Attestation" */ = {
			isa = XCConfigurationList;
			buildConfigurations = (
				93F5AD1F254B75FA00AF5E61 /* Debug */,
				93F5AD20254B75FA00AF5E61 /* Release */,
			);
			defaultConfigurationIsVisible = 0;
			defaultConfigurationName = Release;
		};
		93F5AD21254B75FA00AF5E61 /* Build configuration list for PBXNativeTarget "AttestationTests" */ = {
			isa = XCConfigurationList;
			buildConfigurations = (
				93F5AD22254B75FA00AF5E61 /* Debug */,
				93F5AD23254B75FA00AF5E61 /* Release */,
			);
			defaultConfigurationIsVisible = 0;
			defaultConfigurationName = Release;
		};
		93F5AD24254B75FA00AF5E61 /* Build configuration list for PBXNativeTarget "AttestationUITests" */ = {
			isa = XCConfigurationList;
			buildConfigurations = (
				93F5AD25254B75FA00AF5E61 /* Debug */,
				93F5AD26254B75FA00AF5E61 /* Release */,
			);
			defaultConfigurationIsVisible = 0;
			defaultConfigurationName = Release;
		};
/* End XCConfigurationList section */

/* Begin XCVersionGroup section */
		93F5AD02254B75F900AF5E61 /* Attestation.xcdatamodeld */ = {
			isa = XCVersionGroup;
			children = (
				93F5AD03254B75F900AF5E61 /* Attestation.xcdatamodel */,
			);
			currentVersion = 93F5AD03254B75F900AF5E61 /* Attestation.xcdatamodel */;
			path = Attestation.xcdatamodeld;
			sourceTree = "<group>";
			versionGroupType = wrapper.xcdatamodel;
		};
/* End XCVersionGroup section */
	};
	rootObject = 93F5ACEC254B75F800AF5E61 /* Project object */;
}
